
Microsoft Visual Studio Solution File, Format Version 12.00
# Visual Studio Version 17
VisualStudioVersion = 17.2.32616.157
MinimumVisualStudioVersion = 10.0.40219.1
Project("{FAE04EC0-301F-11D3-BF4B-00C04F79EFBC}") = "Менеджер.консольный", "Менеджер.консольный\Менеджер.консольный.csproj", "{ECCE95D6-7D66-406A-BD15-EA69F0DCA4A4}"
EndProject
Global
	GlobalSection(SolutionConfigurationPlatforms) = preSolution
		Debug|Any CPU = Debug|Any CPU
		Release|Any CPU = Release|Any CPU
	EndGlobalSection
	GlobalSection(ProjectConfigurationPlatforms) = postSolution
		{ECCE95D6-7D66-406A-BD15-EA69F0DCA4A4}.Debug|Any CPU.ActiveCfg = Debug|Any CPU
		{ECCE95D6-7D66-406A-BD15-EA69F0DCA4A4}.Debug|Any CPU.Build.0 = Debug|Any CPU
		{ECCE95D6-7D66-406A-BD15-EA69F0DCA4A4}.Release|Any CPU.ActiveCfg = Release|Any CPU
		{ECCE95D6-7D66-406A-BD15-EA69F0DCA4A4}.Release|Any CPU.Build.0 = Release|Any CPU
	EndGlobalSection
	GlobalSection(SolutionProperties) = preSolution
		HideSolutionNode = FALSE
	EndGlobalSection
	GlobalSection(ExtensibilityGlobals) = postSolution
		SolutionGuid = {6EEC086A-32DB-4569-B3CD-0B3ABB6B81E8}
	EndGlobalSection
EndGlobal
